<Solution>
  <Folder Name="/src/">
    <Project Path="src/Hospital.Application/Hospital.Application.csproj" />
    <Project Path="src/Hospital.Domain/Hospital.Domain.csproj" />
    <Project Path="src/Hospital.Infrastructure/Hospital.Infrastructure.csproj" />
    <Project Path="src\Hospital.Api\Hospital.Api.csproj" />
  </Folder>
  <Folder Name="/tests/">
    <Project Path="tests/Hospital.Api.Tests/Hospital.Api.Tests.csproj" />
  </Folder>
</Solution>
